
Microsoft Visual Studio Solution File, Format Version 12.00
# Visual Studio Version 17
VisualStudioVersion = 17.13.35931.197 d17.13
MinimumVisualStudioVersion = 10.0.40219.1
Project("{FAE04EC0-301F-11D3-BF4B-00C04F79EFBC}") = "OnlineFoodOrderingDemo", "OnlineFoodOrderingDemo\OnlineFoodOrderingDemo.csproj", "{A998B6A0-F9DE-44DE-A88B-9DF5276E7152}"
EndProject
Global
	GlobalSection(SolutionConfigurationPlatforms) = preSolution
		Debug|Any CPU = Debug|Any CPU
		Release|Any CPU = Release|Any CPU
	EndGlobalSection
	GlobalSection(ProjectConfigurationPlatforms) = postSolution
		{A998B6A0-F9DE-44DE-A88B-9DF5276E7152}.Debug|Any CPU.ActiveCfg = Debug|Any CPU
		{A998B6A0-F9DE-44DE-A88B-9DF5276E7152}.Debug|Any CPU.Build.0 = Debug|Any CPU
		{A998B6A0-F9DE-44DE-A88B-9DF5276E7152}.Release|Any CPU.ActiveCfg = Release|Any CPU
		{A998B6A0-F9DE-44DE-A88B-9DF5276E7152}.Release|Any CPU.Build.0 = Release|Any CPU
	EndGlobalSection
	GlobalSection(SolutionProperties) = preSolution
		HideSolutionNode = FALSE
	EndGlobalSection
	GlobalSection(ExtensibilityGlobals) = postSolution
		SolutionGuid = {7691E728-B53E-4E9A-A01D-0249EF084E05}
	EndGlobalSection
EndGlobal
